
Microsoft Visual Studio Solution File, Format Version 12.00
# Visual Studio 15
VisualStudioVersion = 15.0.28307.1209
MinimumVisualStudioVersion = 10.0.40219.1
Project("{FAE04EC0-301F-11D3-BF4B-00C04F79EFBC}") = "Diplomado_MVC_HTML_Helps_Persona", "Diplomado_MVC_HTML_Helps_Persona\Diplomado_MVC_HTML_Helps_Persona.csproj", "{35FD12B8-D6F8-4B2E-94A7-34DF00675672}"
EndProject
Global
	GlobalSection(SolutionConfigurationPlatforms) = preSolution
		Debug|Any CPU = Debug|Any CPU
		Release|Any CPU = Release|Any CPU
	EndGlobalSection
	GlobalSection(ProjectConfigurationPlatforms) = postSolution
		{35FD12B8-D6F8-4B2E-94A7-34DF00675672}.Debug|Any CPU.ActiveCfg = Debug|Any CPU
		{35FD12B8-D6F8-4B2E-94A7-34DF00675672}.Debug|Any CPU.Build.0 = Debug|Any CPU
		{35FD12B8-D6F8-4B2E-94A7-34DF00675672}.Release|Any CPU.ActiveCfg = Release|Any CPU
		{35FD12B8-D6F8-4B2E-94A7-34DF00675672}.Release|Any CPU.Build.0 = Release|Any CPU
	EndGlobalSection
	GlobalSection(SolutionProperties) = preSolution
		HideSolutionNode = FALSE
	EndGlobalSection
	GlobalSection(ExtensibilityGlobals) = postSolution
		SolutionGuid = {79994A52-483B-4B95-B41B-86118D318E58}
	EndGlobalSection
EndGlobal
